
Microsoft Visual Studio Solution File, Format Version 12.00
# Visual Studio Version 16
VisualStudioVersion = 16.0.31729.503
MinimumVisualStudioVersion = 10.0.40219.1
Project("{9A19103F-16F7-4668-BE54-9A1E7A4F7556}") = "BloggProject.Entities", "BloggProject.Entities\BloggProject.Entities.csproj", "{FD029571-42A5-4FB3-8706-CE321D6A33B2}"
EndProject
Project("{9A19103F-16F7-4668-BE54-9A1E7A4F7556}") = "BloggProject.DataAccess", "BloggProject.DataAccess\BloggProject.DataAccess.csproj", "{5AC4DC0D-ADEA-4367-8EE6-6880837E019F}"
EndProject
Project("{9A19103F-16F7-4668-BE54-9A1E7A4F7556}") = "BloggProject.Business", "BloggProject.Business\BloggProject.Business.csproj", "{5B6DF42A-B9A8-4D35-83B3-D48EBBA5F25B}"
EndProject
Project("{9A19103F-16F7-4668-BE54-9A1E7A4F7556}") = "BloggProject.Api", "BloggProject.Api\BloggProject.Api.csproj", "{7A7465EC-785A-4F51-AE91-14042708F106}"
EndProject
Global
	GlobalSection(SolutionConfigurationPlatforms) = preSolution
		Debug|Any CPU = Debug|Any CPU
		Release|Any CPU = Release|Any CPU
	EndGlobalSection
	GlobalSection(ProjectConfigurationPlatforms) = postSolution
		{FD029571-42A5-4FB3-8706-CE321D6A33B2}.Debug|Any CPU.ActiveCfg = Debug|Any CPU
		{FD029571-42A5-4FB3-8706-CE321D6A33B2}.Debug|Any CPU.Build.0 = Debug|Any CPU
		{FD029571-42A5-4FB3-8706-CE321D6A33B2}.Release|Any CPU.ActiveCfg = Release|Any CPU
		{FD029571-42A5-4FB3-8706-CE321D6A33B2}.Release|Any CPU.Build.0 = Release|Any CPU
		{5AC4DC0D-ADEA-4367-8EE6-6880837E019F}.Debug|Any CPU.ActiveCfg = Debug|Any CPU
		{5AC4DC0D-ADEA-4367-8EE6-6880837E019F}.Debug|Any CPU.Build.0 = Debug|Any CPU
		{5AC4DC0D-ADEA-4367-8EE6-6880837E019F}.Release|Any CPU.ActiveCfg = Release|Any CPU
		{5AC4DC0D-ADEA-4367-8EE6-6880837E019F}.Release|Any CPU.Build.0 = Release|Any CPU
		{5B6DF42A-B9A8-4D35-83B3-D48EBBA5F25B}.Debug|Any CPU.ActiveCfg = Debug|Any CPU
		{5B6DF42A-B9A8-4D35-83B3-D48EBBA5F25B}.Debug|Any CPU.Build.0 = Debug|Any CPU
		{5B6DF42A-B9A8-4D35-83B3-D48EBBA5F25B}.Release|Any CPU.ActiveCfg = Release|Any CPU
		{5B6DF42A-B9A8-4D35-83B3-D48EBBA5F25B}.Release|Any CPU.Build.0 = Release|Any CPU
		{7A7465EC-785A-4F51-AE91-14042708F106}.Debug|Any CPU.ActiveCfg = Debug|Any CPU
		{7A7465EC-785A-4F51-AE91-14042708F106}.Debug|Any CPU.Build.0 = Debug|Any CPU
		{7A7465EC-785A-4F51-AE91-14042708F106}.Release|Any CPU.ActiveCfg = Release|Any CPU
		{7A7465EC-785A-4F51-AE91-14042708F106}.Release|Any CPU.Build.0 = Release|Any CPU
	EndGlobalSection
	GlobalSection(SolutionProperties) = preSolution
		HideSolutionNode = FALSE
	EndGlobalSection
	GlobalSection(ExtensibilityGlobals) = postSolution
		SolutionGuid = {F42E5D49-CD0C-441B-B36A-5F574EAC89D8}
	EndGlobalSection
EndGlobal
